
Microsoft Visual Studio Solution File, Format Version 12.00
# Visual Studio Version 16
VisualStudioVersion = 16.0.29102.190
MinimumVisualStudioVersion = 10.0.40219.1
Project("{9A19103F-16F7-4668-BE54-9A1E7A4F7556}") = "Pokloni.ba.WebAPI", "Pokloni.ba.WebAPI\Pokloni.ba.WebAPI.csproj", "{DC37C1A8-9E33-4FFD-ADF1-D8901AD75930}"
EndProject
Project("{9A19103F-16F7-4668-BE54-9A1E7A4F7556}") = "Pokloni.ba.Model", "Pokloni.ba.Model\Pokloni.ba.Model.csproj", "{58E2095D-7A8F-4E8D-A437-32D456D01FD4}"
EndProject
Project("{FAE04EC0-301F-11D3-BF4B-00C04F79EFBC}") = "Pokloni.ba.WinUI", "Pokloni.ba.WinUI\Pokloni.ba.WinUI.csproj", "{EBC4CB5D-B00D-42FC-8F70-B95949BC93D5}"
EndProject
Project("{2150E333-8FDC-42A3-9474-1A3956D46DE8}") = "UI", "UI", "{998CB094-0052-468C-858B-DCEF3DB86443}"
EndProject
Project("{2150E333-8FDC-42A3-9474-1A3956D46DE8}") = "Mobile", "Mobile", "{F02F3946-3A31-491B-8B08-426F3E1EF122}"
EndProject
Project("{FAE04EC0-301F-11D3-BF4B-00C04F79EFBC}") = "MobileApp.Android", "MobileApp\MobileApp.Android\MobileApp.Android.csproj", "{23161B6B-6DAB-4A18-A2F0-4214AAFD2A33}"
EndProject
Project("{FAE04EC0-301F-11D3-BF4B-00C04F79EFBC}") = "MobileApp.iOS", "MobileApp\MobileApp.iOS\MobileApp.iOS.csproj", "{2A22012B-958A-45CA-B51A-B09247E4E515}"
EndProject
Project("{FAE04EC0-301F-11D3-BF4B-00C04F79EFBC}") = "MobileApp", "MobileApp\MobileApp\MobileApp.csproj", "{13FCB602-5E32-437D-BF56-D8214B2023F7}"
EndProject
Global
	GlobalSection(SolutionConfigurationPlatforms) = preSolution
		Debug|Any CPU = Debug|Any CPU
		Debug|iPhone = Debug|iPhone
		Debug|iPhoneSimulator = Debug|iPhoneSimulator
		Release|Any CPU = Release|Any CPU
		Release|iPhone = Release|iPhone
		Release|iPhoneSimulator = Release|iPhoneSimulator
	EndGlobalSection
	GlobalSection(ProjectConfigurationPlatforms) = postSolution
		{DC37C1A8-9E33-4FFD-ADF1-D8901AD75930}.Debug|Any CPU.ActiveCfg = Debug|Any CPU
		{DC37C1A8-9E33-4FFD-ADF1-D8901AD75930}.Debug|Any CPU.Build.0 = Debug|Any CPU
		{DC37C1A8-9E33-4FFD-ADF1-D8901AD75930}.Debug|iPhone.ActiveCfg = Debug|Any CPU
		{DC37C1A8-9E33-4FFD-ADF1-D8901AD75930}.Debug|iPhone.Build.0 = Debug|Any CPU
		{DC37C1A8-9E33-4FFD-ADF1-D8901AD75930}.Debug|iPhoneSimulator.ActiveCfg = Debug|Any CPU
		{DC37C1A8-9E33-4FFD-ADF1-D8901AD75930}.Debug|iPhoneSimulator.Build.0 = Debug|Any CPU
		{DC37C1A8-9E33-4FFD-ADF1-D8901AD75930}.Release|Any CPU.ActiveCfg = Release|Any CPU
		{DC37C1A8-9E33-4FFD-ADF1-D8901AD75930}.Release|Any CPU.Build.0 = Release|Any CPU
		{DC37C1A8-9E33-4FFD-ADF1-D8901AD75930}.Release|iPhone.ActiveCfg = Release|Any CPU
		{DC37C1A8-9E33-4FFD-ADF1-D8901AD75930}.Release|iPhone.Build.0 = Release|Any CPU
		{DC37C1A8-9E33-4FFD-ADF1-D8901AD75930}.Release|iPhoneSimulator.ActiveCfg = Release|Any CPU
		{DC37C1A8-9E33-4FFD-ADF1-D8901AD75930}.Release|iPhoneSimulator.Build.0 = Release|Any CPU
		{58E2095D-7A8F-4E8D-A437-32D456D01FD4}.Debug|Any CPU.ActiveCfg = Debug|Any CPU
		{58E2095D-7A8F-4E8D-A437-32D456D01FD4}.Debug|Any CPU.Build.0 = Debug|Any CPU
		{58E2095D-7A8F-4E8D-A437-32D456D01FD4}.Debug|iPhone.ActiveCfg = Debug|Any CPU
		{58E2095D-7A8F-4E8D-A437-32D456D01FD4}.Debug|iPhone.Build.0 = Debug|Any CPU
		{58E2095D-7A8F-4E8D-A437-32D456D01FD4}.Debug|iPhoneSimulator.ActiveCfg = Debug|Any CPU
		{58E2095D-7A8F-4E8D-A437-32D456D01FD4}.Debug|iPhoneSimulator.Build.0 = Debug|Any CPU
		{58E2095D-7A8F-4E8D-A437-32D456D01FD4}.Release|Any CPU.ActiveCfg = Release|Any CPU
		{58E2095D-7A8F-4E8D-A437-32D456D01FD4}.Release|Any CPU.Build.0 = Release|Any CPU
		{58E2095D-7A8F-4E8D-A437-32D456D01FD4}.Release|iPhone.ActiveCfg = Release|Any CPU
		{58E2095D-7A8F-4E8D-A437-32D456D01FD4}.Release|iPhone.Build.0 = Release|Any CPU
		{58E2095D-7A8F-4E8D-A437-32D456D01FD4}.Release|iPhoneSimulator.ActiveCfg = Release|Any CPU
		{58E2095D-7A8F-4E8D-A437-32D456D01FD4}.Release|iPhoneSimulator.Build.0 = Release|Any CPU
		{EBC4CB5D-B00D-42FC-8F70-B95949BC93D5}.Debug|Any CPU.ActiveCfg = Debug|Any CPU
		{EBC4CB5D-B00D-42FC-8F70-B95949BC93D5}.Debug|Any CPU.Build.0 = Debug|Any CPU
		{EBC4CB5D-B00D-42FC-8F70-B95949BC93D5}.Debug|iPhone.ActiveCfg = Debug|Any CPU
		{EBC4CB5D-B00D-42FC-8F70-B95949BC93D5}.Debug|iPhone.Build.0 = Debug|Any CPU
		{EBC4CB5D-B00D-42FC-8F70-B95949BC93D5}.Debug|iPhoneSimulator.ActiveCfg = Debug|Any CPU
		{EBC4CB5D-B00D-42FC-8F70-B95949BC93D5}.Debug|iPhoneSimulator.Build.0 = Debug|Any CPU
		{EBC4CB5D-B00D-42FC-8F70-B95949BC93D5}.Release|Any CPU.ActiveCfg = Release|Any CPU
		{EBC4CB5D-B00D-42FC-8F70-B95949BC93D5}.Release|Any CPU.Build.0 = Release|Any CPU
		{EBC4CB5D-B00D-42FC-8F70-B95949BC93D5}.Release|iPhone.ActiveCfg = Release|Any CPU
		{EBC4CB5D-B00D-42FC-8F70-B95949BC93D5}.Release|iPhone.Build.0 = Release|Any CPU
		{EBC4CB5D-B00D-42FC-8F70-B95949BC93D5}.Release|iPhoneSimulator.ActiveCfg = Release|Any CPU
		{EBC4CB5D-B00D-42FC-8F70-B95949BC93D5}.Release|iPhoneSimulator.Build.0 = Release|Any CPU
		{23161B6B-6DAB-4A18-A2F0-4214AAFD2A33}.Debug|Any CPU.ActiveCfg = Debug|Any CPU
		{23161B6B-6DAB-4A18-A2F0-4214AAFD2A33}.Debug|Any CPU.Build.0 = Debug|Any CPU
		{23161B6B-6DAB-4A18-A2F0-4214AAFD2A33}.Debug|Any CPU.Deploy.0 = Debug|Any CPU
		{23161B6B-6DAB-4A18-A2F0-4214AAFD2A33}.Debug|iPhone.ActiveCfg = Debug|Any CPU
		{23161B6B-6DAB-4A18-A2F0-4214AAFD2A33}.Debug|iPhone.Build.0 = Debug|Any CPU
		{23161B6B-6DAB-4A18-A2F0-4214AAFD2A33}.Debug|iPhone.Deploy.0 = Debug|Any CPU
		{23161B6B-6DAB-4A18-A2F0-4214AAFD2A33}.Debug|iPhoneSimulator.ActiveCfg = Debug|Any CPU
		{23161B6B-6DAB-4A18-A2F0-4214AAFD2A33}.Debug|iPhoneSimulator.Build.0 = Debug|Any CPU
		{23161B6B-6DAB-4A18-A2F0-4214AAFD2A33}.Debug|iPhoneSimulator.Deploy.0 = Debug|Any CPU
		{23161B6B-6DAB-4A18-A2F0-4214AAFD2A33}.Release|Any CPU.ActiveCfg = Release|Any CPU
		{23161B6B-6DAB-4A18-A2F0-4214AAFD2A33}.Release|Any CPU.Build.0 = Release|Any CPU
		{23161B6B-6DAB-4A18-A2F0-4214AAFD2A33}.Release|Any CPU.Deploy.0 = Release|Any CPU
		{23161B6B-6DAB-4A18-A2F0-4214AAFD2A33}.Release|iPhone.ActiveCfg = Release|Any CPU
		{23161B6B-6DAB-4A18-A2F0-4214AAFD2A33}.Release|iPhone.Build.0 = Release|Any CPU
		{23161B6B-6DAB-4A18-A2F0-4214AAFD2A33}.Release|iPhone.Deploy.0 = Release|Any CPU
		{23161B6B-6DAB-4A18-A2F0-4214AAFD2A33}.Release|iPhoneSimulator.ActiveCfg = Release|Any CPU
		{23161B6B-6DAB-4A18-A2F0-4214AAFD2A33}.Release|iPhoneSimulator.Build.0 = Release|Any CPU
		{23161B6B-6DAB-4A18-A2F0-4214AAFD2A33}.Release|iPhoneSimulator.Deploy.0 = Release|Any CPU
		{2A22012B-958A-45CA-B51A-B09247E4E515}.Debug|Any CPU.ActiveCfg = Debug|iPhone
		{2A22012B-958A-45CA-B51A-B09247E4E515}.Debug|iPhone.ActiveCfg = Debug|iPhone
		{2A22012B-958A-45CA-B51A-B09247E4E515}.Debug|iPhone.Build.0 = Debug|iPhone
		{2A22012B-958A-45CA-B51A-B09247E4E515}.Debug|iPhoneSimulator.ActiveCfg = Debug|iPhoneSimulator
		{2A22012B-958A-45CA-B51A-B09247E4E515}.Debug|iPhoneSimulator.Build.0 = Debug|iPhoneSimulator
		{2A22012B-958A-45CA-B51A-B09247E4E515}.Release|Any CPU.ActiveCfg = Release|iPhone
		{2A22012B-958A-45CA-B51A-B09247E4E515}.Release|iPhone.ActiveCfg = Release|iPhone
		{2A22012B-958A-45CA-B51A-B09247E4E515}.Release|iPhone.Build.0 = Release|iPhone
		{2A22012B-958A-45CA-B51A-B09247E4E515}.Release|iPhoneSimulator.ActiveCfg = Release|iPhoneSimulator
		{2A22012B-958A-45CA-B51A-B09247E4E515}.Release|iPhoneSimulator.Build.0 = Release|iPhoneSimulator
		{13FCB602-5E32-437D-BF56-D8214B2023F7}.Debug|Any CPU.ActiveCfg = Debug|Any CPU
		{13FCB602-5E32-437D-BF56-D8214B2023F7}.Debug|Any CPU.Build.0 = Debug|Any CPU
		{13FCB602-5E32-437D-BF56-D8214B2023F7}.Debug|iPhone.ActiveCfg = Debug|Any CPU
		{13FCB602-5E32-437D-BF56-D8214B2023F7}.Debug|iPhone.Build.0 = Debug|Any CPU
		{13FCB602-5E32-437D-BF56-D8214B2023F7}.Debug|iPhoneSimulator.ActiveCfg = Debug|Any CPU
		{13FCB602-5E32-437D-BF56-D8214B2023F7}.Debug|iPhoneSimulator.Build.0 = Debug|Any CPU
		{13FCB602-5E32-437D-BF56-D8214B2023F7}.Release|Any CPU.ActiveCfg = Release|Any CPU
		{13FCB602-5E32-437D-BF56-D8214B2023F7}.Release|Any CPU.Build.0 = Release|Any CPU
		{13FCB602-5E32-437D-BF56-D8214B2023F7}.Release|iPhone.ActiveCfg = Release|Any CPU
		{13FCB602-5E32-437D-BF56-D8214B2023F7}.Release|iPhone.Build.0 = Release|Any CPU
		{13FCB602-5E32-437D-BF56-D8214B2023F7}.Release|iPhoneSimulator.ActiveCfg = Release|Any CPU
		{13FCB602-5E32-437D-BF56-D8214B2023F7}.Release|iPhoneSimulator.Build.0 = Release|Any CPU
	EndGlobalSection
	GlobalSection(SolutionProperties) = preSolution
		HideSolutionNode = FALSE
	EndGlobalSection
	GlobalSection(NestedProjects) = preSolution
		{EBC4CB5D-B00D-42FC-8F70-B95949BC93D5} = {998CB094-0052-468C-858B-DCEF3DB86443}
		{23161B6B-6DAB-4A18-A2F0-4214AAFD2A33} = {F02F3946-3A31-491B-8B08-426F3E1EF122}
		{2A22012B-958A-45CA-B51A-B09247E4E515} = {F02F3946-3A31-491B-8B08-426F3E1EF122}
		{13FCB602-5E32-437D-BF56-D8214B2023F7} = {F02F3946-3A31-491B-8B08-426F3E1EF122}
	EndGlobalSection
	GlobalSection(ExtensibilityGlobals) = postSolution
		SolutionGuid = {96FA0417-5392-4C6E-BBDA-EDE4EADD5CFE}
	EndGlobalSection
EndGlobal
